
Microsoft Visual Studio Solution File, Format Version 12.00
# Visual Studio Version 17
VisualStudioVersion = 17.5.002.0
MinimumVisualStudioVersion = 10.0.40219.1
Project("{2150E333-8FDC-42A3-9474-1A3956D46DE8}") = "cli", "cli", "{3DA853FD-2220-4649-A277-8BB6D681A5A8}"
EndProject
Project("{9A19103F-16F7-4668-BE54-9A1E7A4F7556}") = "cli", "cli\cli\cli.csproj", "{11F61653-92B9-472D-8348-E54489641EF0}"
EndProject
Project("{2150E333-8FDC-42A3-9474-1A3956D46DE8}") = "ycs", "ycs", "{5B7CAF3B-3218-4B9B-801D-2A83FB8A9C7F}"
EndProject
Project("{2150E333-8FDC-42A3-9474-1A3956D46DE8}") = "tests", "tests", "{A6612EDB-3AC4-44C9-A4CE-DE88BFB26E41}"
EndProject
Project("{9A19103F-16F7-4668-BE54-9A1E7A4F7556}") = "Ycs.Tests", "cli\ycs\tests\Ycs.Tests\Ycs.Tests.csproj", "{AF5FDA68-6D27-47F9-8229-5B2F7C3F046A}"
EndProject
Project("{9A19103F-16F7-4668-BE54-9A1E7A4F7556}") = "Ycs.Benchmarks", "cli\ycs\tests\Ycs.Benchmarks\Ycs.Benchmarks.csproj", "{ABEF4CBA-83CD-4D38-B682-FEA2833D88EE}"
EndProject
Project("{2150E333-8FDC-42A3-9474-1A3956D46DE8}") = "src", "src", "{F0C2E299-49AF-4969-8250-92D2FB5F5A5E}"
EndProject
Project("{9A19103F-16F7-4668-BE54-9A1E7A4F7556}") = "Ycs", "cli\ycs\src\Ycs\Ycs.csproj", "{95031937-E2A8-41A3-99BE-D6A3D4DC8071}"
EndProject
Project("{2150E333-8FDC-42A3-9474-1A3956D46DE8}") = "samples", "samples", "{22CD578F-8F5B-406A-A909-1E38B2A571E5}"
EndProject
Project("{9A19103F-16F7-4668-BE54-9A1E7A4F7556}") = "YcsSample", "cli\ycs\samples\YcsSample\YcsSample.csproj", "{331A0096-02B2-4F97-928D-CF408B5DA4C6}"
EndProject
Global
	GlobalSection(SolutionConfigurationPlatforms) = preSolution
		Debug|Any CPU = Debug|Any CPU
		Release|Any CPU = Release|Any CPU
	EndGlobalSection
	GlobalSection(ProjectConfigurationPlatforms) = postSolution
		{11F61653-92B9-472D-8348-E54489641EF0}.Debug|Any CPU.ActiveCfg = Debug|Any CPU
		{11F61653-92B9-472D-8348-E54489641EF0}.Debug|Any CPU.Build.0 = Debug|Any CPU
		{11F61653-92B9-472D-8348-E54489641EF0}.Release|Any CPU.ActiveCfg = Release|Any CPU
		{11F61653-92B9-472D-8348-E54489641EF0}.Release|Any CPU.Build.0 = Release|Any CPU
		{AF5FDA68-6D27-47F9-8229-5B2F7C3F046A}.Debug|Any CPU.ActiveCfg = Debug|Any CPU
		{AF5FDA68-6D27-47F9-8229-5B2F7C3F046A}.Debug|Any CPU.Build.0 = Debug|Any CPU
		{AF5FDA68-6D27-47F9-8229-5B2F7C3F046A}.Release|Any CPU.ActiveCfg = Release|Any CPU
		{AF5FDA68-6D27-47F9-8229-5B2F7C3F046A}.Release|Any CPU.Build.0 = Release|Any CPU
		{ABEF4CBA-83CD-4D38-B682-FEA2833D88EE}.Debug|Any CPU.ActiveCfg = Debug|Any CPU
		{ABEF4CBA-83CD-4D38-B682-FEA2833D88EE}.Debug|Any CPU.Build.0 = Debug|Any CPU
		{ABEF4CBA-83CD-4D38-B682-FEA2833D88EE}.Release|Any CPU.ActiveCfg = Release|Any CPU
		{ABEF4CBA-83CD-4D38-B682-FEA2833D88EE}.Release|Any CPU.Build.0 = Release|Any CPU
		{95031937-E2A8-41A3-99BE-D6A3D4DC8071}.Debug|Any CPU.ActiveCfg = Debug|Any CPU
		{95031937-E2A8-41A3-99BE-D6A3D4DC8071}.Debug|Any CPU.Build.0 = Debug|Any CPU
		{95031937-E2A8-41A3-99BE-D6A3D4DC8071}.Release|Any CPU.ActiveCfg = Release|Any CPU
		{95031937-E2A8-41A3-99BE-D6A3D4DC8071}.Release|Any CPU.Build.0 = Release|Any CPU
		{331A0096-02B2-4F97-928D-CF408B5DA4C6}.Debug|Any CPU.ActiveCfg = Debug|Any CPU
		{331A0096-02B2-4F97-928D-CF408B5DA4C6}.Debug|Any CPU.Build.0 = Debug|Any CPU
		{331A0096-02B2-4F97-928D-CF408B5DA4C6}.Release|Any CPU.ActiveCfg = Release|Any CPU
		{331A0096-02B2-4F97-928D-CF408B5DA4C6}.Release|Any CPU.Build.0 = Release|Any CPU
	EndGlobalSection
	GlobalSection(SolutionProperties) = preSolution
		HideSolutionNode = FALSE
	EndGlobalSection
	GlobalSection(NestedProjects) = preSolution
		{11F61653-92B9-472D-8348-E54489641EF0} = {3DA853FD-2220-4649-A277-8BB6D681A5A8}
		{5B7CAF3B-3218-4B9B-801D-2A83FB8A9C7F} = {3DA853FD-2220-4649-A277-8BB6D681A5A8}
		{A6612EDB-3AC4-44C9-A4CE-DE88BFB26E41} = {5B7CAF3B-3218-4B9B-801D-2A83FB8A9C7F}
		{AF5FDA68-6D27-47F9-8229-5B2F7C3F046A} = {A6612EDB-3AC4-44C9-A4CE-DE88BFB26E41}
		{ABEF4CBA-83CD-4D38-B682-FEA2833D88EE} = {A6612EDB-3AC4-44C9-A4CE-DE88BFB26E41}
		{F0C2E299-49AF-4969-8250-92D2FB5F5A5E} = {5B7CAF3B-3218-4B9B-801D-2A83FB8A9C7F}
		{95031937-E2A8-41A3-99BE-D6A3D4DC8071} = {F0C2E299-49AF-4969-8250-92D2FB5F5A5E}
		{22CD578F-8F5B-406A-A909-1E38B2A571E5} = {5B7CAF3B-3218-4B9B-801D-2A83FB8A9C7F}
		{331A0096-02B2-4F97-928D-CF408B5DA4C6} = {22CD578F-8F5B-406A-A909-1E38B2A571E5}
	EndGlobalSection
	GlobalSection(ExtensibilityGlobals) = postSolution
		SolutionGuid = {F2944B7C-8DAB-482F-9F86-CCCE3309C798}
	EndGlobalSection
EndGlobal
